// !$*UTF8*$!
{
	archiveVersion = 1;
	classes = {
	};
	objectVersion = 48;
	objects = {

/* Begin PBXBuildFile section */
		8810DBC11F8B2606004BCC1F /* AppDelegate.swift in Sources */ = {isa = PBXBuildFile; fileRef = 8810DBC01F8B2606004BCC1F /* AppDelegate.swift */; };
		8810DBC31F8B2606004BCC1F /* ViewController.swift in Sources */ = {isa = PBXBuildFile; fileRef = 8810DBC21F8B2606004BCC1F /* ViewController.swift */; };
		8810DBC61F8B2606004BCC1F /* Main.storyboard in Resources */ = {isa = PBXBuildFile; fileRef = 8810DBC41F8B2606004BCC1F /* Main.storyboard */; };
		8810DBC81F8B2606004BCC1F /* Assets.xcassets in Resources */ = {isa = PBXBuildFile; fileRef = 8810DBC71F8B2606004BCC1F /* Assets.xcassets */; };
		8810DBCB1F8B2606004BCC1F /* LaunchScreen.storyboard in Resources */ = {isa = PBXBuildFile; fileRef = 8810DBC91F8B2606004BCC1F /* LaunchScreen.storyboard */; };
/* End PBXBuildFile section */

/* Begin PBXFileReference section */
		8810DBBD1F8B2606004BCC1F /* StopwatchIOSFull.app */ = {isa = PBXFileReference; explicitFileType = wrapper.application; includeInIndex = 0; path = StopwatchIOSFull.app; sourceTree = BUILT_PRODUCTS_DIR; };
		8810DBC01F8B2606004BCC1F /* AppDelegate.swift */ = {isa = PBXFileReference; lastKnownFileType = sourcecode.swift; path = AppDelegate.swift; sourceTree = "<group>"; };
		8810DBC21F8B2606004BCC1F /* ViewController.swift */ = {isa = PBXFileReference; lastKnownFileType = sourcecode.swift; path = ViewController.swift; sourceTree = "<group>"; };
		8810DBC51F8B2606004BCC1F /* Base */ = {isa = PBXFileReference; lastKnownFileType = file.storyboard; name = Base; path = Base.lproj/Main.storyboard; sourceTree = "<group>"; };
		8810DBC71F8B2606004BCC1F /* Assets.xcassets */ = {isa = PBXFileReference; lastKnownFileType = folder.assetcatalog; path = Assets.xcassets; sourceTree = "<group>"; };
		8810DBCA1F8B2606004BCC1F /* Base */ = {isa = PBXFileReference; lastKnownFileType = file.storyboard; name = Base; path = Base.lproj/LaunchScreen.storyboard; sourceTree = "<group>"; };
		8810DBCC1F8B2606004BCC1F /* Info.plist */ = {isa = PBXFileReference; lastKnownFileType = text.plist.xml; path = Info.plist; sourceTree = "<group>"; };
/* End PBXFileReference section */

/* Begin PBXFrameworksBuildPhase section */
		8810DBBA1F8B2606004BCC1F /* Frameworks */ = {
			isa = PBXFrameworksBuildPhase;
			buildActionMask = 2147483647;
			files = (
			);
			runOnlyForDeploymentPostprocessing = 0;
		};
/* End PBXFrameworksBuildPhase section */

/* Begin PBXGroup section */
		8810DBB41F8B2606004BCC1F = {
			isa = PBXGroup;
			children = (
				8810DBBF1F8B2606004BCC1F /* StopwatchIOSFull */,
				8810DBBE1F8B2606004BCC1F /* Products */,
			);
			sourceTree = "<group>";
		};
		8810DBBE1F8B2606004BCC1F /* Products */ = {
			isa = PBXGroup;
			children = (
				8810DBBD1F8B2606004BCC1F /* StopwatchIOSFull.app */,
			);
			name = Products;
			sourceTree = "<group>";
		};
		8810DBBF1F8B2606004BCC1F /* StopwatchIOSFull */ = {
			isa = PBXGroup;
			children = (
				8810DBC01F8B2606004BCC1F /* AppDelegate.swift */,
				8810DBC21F8B2606004BCC1F /* ViewController.swift */,
				8810DBC41F8B2606004BCC1F /* Main.storyboard */,
				8810DBC71F8B2606004BCC1F /* Assets.xcassets */,
				8810DBC91F8B2606004BCC1F /* LaunchScreen.storyboard */,
				8810DBCC1F8B2606004BCC1F /* Info.plist */,
			);
			path = StopwatchIOSFull;
			sourceTree = "<group>";
		};
/* End PBXGroup section */

/* Begin PBXNativeTarget section */
		8810DBBC1F8B2606004BCC1F /* StopwatchIOSFull */ = {
			isa = PBXNativeTarget;
			buildConfigurationList = 8810DBCF1F8B2606004BCC1F /* Build configuration list for PBXNativeTarget "StopwatchIOSFull" */;
			buildPhases = (
				8810DBB91F8B2606004BCC1F /* Sources */,
				8810DBBA1F8B2606004BCC1F /* Frameworks */,
				8810DBBB1F8B2606004BCC1F /* Resources */,
			);
			buildRules = (
			);
			dependencies = (
			);
			name = StopwatchIOSFull;
			productName = StopwatchIOSFull;
			productReference = 8810DBBD1F8B2606004BCC1F /* StopwatchIOSFull.app */;
			productType = "com.apple.product-type.application";
		};
/* End PBXNativeTarget section */

/* Begin PBXProject section */
		8810DBB51F8B2606004BCC1F /* Project object */ = {
			isa = PBXProject;
			attributes = {
				LastSwiftUpdateCheck = 0900;
				LastUpgradeCheck = 0900;
				ORGANIZATIONNAME = "Jabes Pauya";
				TargetAttributes = {
					8810DBBC1F8B2606004BCC1F = {
						CreatedOnToolsVersion = 9.0;
						ProvisioningStyle = Automatic;
					};
				};
			};
			buildConfigurationList = 8810DBB81F8B2606004BCC1F /* Build configuration list for PBXProject "StopwatchIOSFull" */;
			compatibilityVersion = "Xcode 8.0";
			developmentRegion = en;
			hasScannedForEncodings = 0;
			knownRegions = (
				en,
				Base,
			);
			mainGroup = 8810DBB41F8B2606004BCC1F;
			productRefGroup = 8810DBBE1F8B2606004BCC1F /* Products */;
			projectDirPath = "";
			projectRoot = "";
			targets = (
				8810DBBC1F8B2606004BCC1F /* StopwatchIOSFull */,
			);
		};
/* End PBXProject section */

/* Begin PBXResourcesBuildPhase section */
		8810DBBB1F8B2606004BCC1F /* Resources */ = {
			isa = PBXResourcesBuildPhase;
			buildActionMask = 2147483647;
			files = (
				8810DBCB1F8B2606004BCC1F /* LaunchScreen.storyboard in Resources */,
				8810DBC81F8B2606004BCC1F /* Assets.xcassets in Resources */,
				8810DBC61F8B2606004BCC1F /* Main.storyboard in Resources */,
			);
			runOnlyForDeploymentPostprocessing = 0;
		};
/* End PBXResourcesBuildPhase section */

/* Begin PBXSourcesBuildPhase section */
		8810DBB91F8B2606004BCC1F /* Sources */ = {
			isa = PBXSourcesBuildPhase;
			buildActionMask = 2147483647;
			files = (
				8810DBC31F8B2606004BCC1F /* ViewController.swift in Sources */,
				8810DBC11F8B2606004BCC1F /* AppDelegate.swift in Sources */,
			);
			runOnlyForDeploymentPostprocessing = 0;
		};
/* End PBXSourcesBuildPhase section */

/* Begin PBXVariantGroup section */
		8810DBC41F8B2606004BCC1F /* Main.storyboard */ = {
			isa = PBXVariantGroup;
			children = (
				8810DBC51F8B2606004BCC1F /* Base */,
			);
			name = Main.storyboard;
			sourceTree = "<group>";
		};
		8810DBC91F8B2606004BCC1F /* LaunchScreen.storyboard */ = {
			isa = PBXVariantGroup;
			children = (
				8810DBCA1F8B2606004BCC1F /* Base */,
			);
			name = LaunchScreen.storyboard;
			sourceTree = "<group>";
		};
/* End PBXVariantGroup section */

/* Begin XCBuildConfiguration section */
		8810DBCD1F8B2606004BCC1F /* Debug */ = {
			isa = XCBuildConfiguration;
			buildSettings = {
				ALWAYS_SEARCH_USER_PATHS = NO;
				CLANG_ANALYZER_NONNULL = YES;
				CLANG_ANALYZER_NUMBER_OBJECT_CONVERSION = YES_AGGRESSIVE;
				CLANG_CXX_LANGUAGE_STANDARD = "gnu++14";
				CLANG_CXX_LIBRARY = "libc++";
				CLANG_ENABLE_MODULES = YES;
				CLANG_ENABLE_OBJC_ARC = YES;
				CLANG_WARN_BLOCK_CAPTURE_AUTORELEASING = YES;
				CLANG_WARN_BOOL_CONVERSION = YES;
				CLANG_WARN_COMMA = YES;
				CLANG_WARN_CONSTANT_CONVERSION = YES;
				CLANG_WARN_DIRECT_OBJC_ISA_USAGE = YES_ERROR;
				CLANG_WARN_DOCUMENTATION_COMMENTS = YES;
				CLANG_WARN_EMPTY_BODY = YES;
				CLANG_WARN_ENUM_CONVERSION = YES;
				CLANG_WARN_INFINITE_RECURSION = YES;
				CLANG_WARN_INT_CONVERSION = YES;
				CLANG_WARN_NON_LITERAL_NULL_CONVERSION = YES;
				CLANG_WARN_OBJC_LITERAL_CONVERSION = YES;
				CLANG_WARN_OBJC_ROOT_CLASS = YES_ERROR;
				CLANG_WARN_RANGE_LOOP_ANALYSIS = YES;
				CLANG_WARN_STRICT_PROTOTYPES = YES;
				CLANG_WARN_SUSPICIOUS_MOVE = YES;
				CLANG_WARN_UNGUARDED_AVAILABILITY = YES_AGGRESSIVE;
				CLANG_WARN_UNREACHABLE_CODE = YES;
				CLANG_WARN__DUPLICATE_METHOD_MATCH = YES;
				CODE_SIGN_IDENTITY = "iPhone Developer";
				COPY_PHASE_STRIP = NO;
				DEBUG_INFORMATION_FORMAT = dwarf;
				ENABLE_STRICT_OBJC_MSGSEND = YES;
				ENABLE_TESTABILITY = YES;
				GCC_C_LANGUAGE_STANDARD = gnu11;
				GCC_DYNAMIC_NO_PIC = NO;
				GCC_NO_COMMON_BLOCKS = YES;
				GCC_OPTIMIZATION_LEVEL = 0;
				GCC_PREPROCESSOR_DEFINITIONS = (
					"DEBUG=1",
					"$(inherited)",
				);
				GCC_WARN_64_TO_32_BIT_CONVERSION = YES;
				GCC_WARN_ABOUT_RETURN_TYPE = YES_ERROR;
				GCC_WARN_UNDECLARED_SELECTOR = YES;
				GCC_WARN_UNINITIALIZED_AUTOS = YES_AGGRESSIVE;
				GCC_WARN_UNUSED_FUNCTION = YES;
				GCC_WARN_UNUSED_VARIABLE = YES;
				IPHONEOS_DEPLOYMENT_TARGET = 11.0;
				MTL_ENABLE_DEBUG_INFO = YES;
				ONLY_ACTIVE_ARCH = YES;
				SDKROOT = iphoneos;
				SWIFT_ACTIVE_COMPILATION_CONDITIONS = DEBUG;
				SWIFT_OPTIMIZATION_LEVEL = "-Onone";
			};
			name = Debug;
		};
		8810DBCE1F8B2606004BCC1F /* Release */ = {
			isa = XCBuildConfiguration;
			buildSettings = {
				ALWAYS_SEARCH_USER_PATHS = NO;
				CLANG_ANALYZER_NONNULL = YES;
				CLANG_ANALYZER_NUMBER_OBJECT_CONVERSION = YES_AGGRESSIVE;
				CLANG_CXX_LANGUAGE_STANDARD = "gnu++14";
				CLANG_CXX_LIBRARY = "libc++";
				CLANG_ENABLE_MODULES = YES;
				CLANG_ENABLE_OBJC_ARC = YES;
				CLANG_WARN_BLOCK_CAPTURE_AUTORELEASING = YES;
				CLANG_WARN_BOOL_CONVERSION = YES;
				CLANG_WARN_COMMA = YES;
				CLANG_WARN_CONSTANT_CONVERSION = YES;
				CLANG_WARN_DIRECT_OBJC_ISA_USAGE = YES_ERROR;
				CLANG_WARN_DOCUMENTATION_COMMENTS = YES;
				CLANG_WARN_EMPTY_BODY = YES;
				CLANG_WARN_ENUM_CONVERSION = YES;
				CLANG_WARN_INFINITE_RECURSION = YES;
				CLANG_WARN_INT_CONVERSION = YES;
				CLANG_WARN_NON_LITERAL_NULL_CONVERSION = YES;
				CLANG_WARN_OBJC_LITERAL_CONVERSION = YES;
				CLANG_WARN_OBJC_ROOT_CLASS = YES_ERROR;
				CLANG_WARN_RANGE_LOOP_ANALYSIS = YES;
				CLANG_WARN_STRICT_PROTOTYPES = YES;
				CLANG_WARN_SUSPICIOUS_MOVE = YES;
				CLANG_WARN_UNGUARDED_AVAILABILITY = YES_AGGRESSIVE;
				CLANG_WARN_UNREACHABLE_CODE = YES;
				CLANG_WARN__DUPLICATE_METHOD_MATCH = YES;
				CODE_SIGN_IDENTITY = "iPhone Developer";
				COPY_PHASE_STRIP = NO;
				DEBUG_INFORMATION_FORMAT = "dwarf-with-dsym";
				ENABLE_NS_ASSERTIONS = NO;
				ENABLE_STRICT_OBJC_MSGSEND = YES;
				GCC_C_LANGUAGE_STANDARD = gnu11;
				GCC_NO_COMMON_BLOCKS = YES;
				GCC_WARN_64_TO_32_BIT_CONVERSION = YES;
				GCC_WARN_ABOUT_RETURN_TYPE = YES_ERROR;
				GCC_WARN_UNDECLARED_SELECTOR = YES;
				GCC_WARN_UNINITIALIZED_AUTOS = YES_AGGRESSIVE;
				GCC_WARN_UNUSED_FUNCTION = YES;
				GCC_WARN_UNUSED_VARIABLE = YES;
				IPHONEOS_DEPLOYMENT_TARGET = 11.0;
				MTL_ENABLE_DEBUG_INFO = NO;
				SDKROOT = iphoneos;
				SWIFT_OPTIMIZATION_LEVEL = "-Owholemodule";
				VALIDATE_PRODUCT = YES;
			};
			name = Release;
		};
		8810DBD01F8B2606004BCC1F /* Debug */ = {
			isa = XCBuildConfiguration;
			buildSettings = {
				ASSETCATALOG_COMPILER_APPICON_NAME = AppIcon;
				CODE_SIGN_STYLE = Automatic;
				DEVELOPMENT_TEAM = GEM263A863;
				INFOPLIST_FILE = StopwatchIOSFull/Info.plist;
				LD_RUNPATH_SEARCH_PATHS = "$(inherited) @executable_path/Frameworks";
				PRODUCT_BUNDLE_IDENTIFIER = Sample.StopwatchIOSFull;
				PRODUCT_NAME = "$(TARGET_NAME)";
				SWIFT_VERSION = 4.0;
				TARGETED_DEVICE_FAMILY = "1,2";
			};
			name = Debug;
		};
		8810DBD11F8B2606004BCC1F /* Release */ = {
			isa = XCBuildConfiguration;
			buildSettings = {
				ASSETCATALOG_COMPILER_APPICON_NAME = AppIcon;
				CODE_SIGN_STYLE = Automatic;
				DEVELOPMENT_TEAM = GEM263A863;
				INFOPLIST_FILE = StopwatchIOSFull/Info.plist;
				LD_RUNPATH_SEARCH_PATHS = "$(inherited) @executable_path/Frameworks";
				PRODUCT_BUNDLE_IDENTIFIER = Sample.StopwatchIOSFull;
				PRODUCT_NAME = "$(TARGET_NAME)";
				SWIFT_VERSION = 4.0;
				TARGETED_DEVICE_FAMILY = "1,2";
			};
			name = Release;
		};
/* End XCBuildConfiguration section */

/* Begin XCConfigurationList section */
		8810DBB81F8B2606004BCC1F /* Build configuration list for PBXProject "StopwatchIOSFull" */ = {
			isa = XCConfigurationList;
			buildConfigurations = (
				8810DBCD1F8B2606004BCC1F /* Debug */,
				8810DBCE1F8B2606004BCC1F /* Release */,
			);
			defaultConfigurationIsVisible = 0;
			defaultConfigurationName = Release;
		};
		8810DBCF1F8B2606004BCC1F /* Build configuration list for PBXNativeTarget "StopwatchIOSFull" */ = {
			isa = XCConfigurationList;
			buildConfigurations = (
				8810DBD01F8B2606004BCC1F /* Debug */,
				8810DBD11F8B2606004BCC1F /* Release */,
			);
			defaultConfigurationIsVisible = 0;
			defaultConfigurationName = Release;
		};
/* End XCConfigurationList section */
	};
	rootObject = 8810DBB51F8B2606004BCC1F /* Project object */;
}
